
Microsoft Visual Studio Solution File, Format Version 12.00
# Visual Studio 2013
VisualStudioVersion = 12.0.31101.0
MinimumVisualStudioVersion = 10.0.40219.1
Project("{FAE04EC0-301F-11D3-BF4B-00C04F79EFBC}") = "FindShortestPath", "FindShortestPath\FindShortestPath.csproj", "{578D5FB1-9840-4B74-BCAE-54C91E9ABF79}"
EndProject
Project("{2150E333-8FDC-42A3-9474-1A3956D46DE8}") = "PublishScripts", "PublishScripts", "{CB8983BA-108F-47A0-9645-BF8C9C65A483}"
	ProjectSection(SolutionItems) = preProject
		PublishScripts\AzureWebsitePublishModule.psm1 = PublishScripts\AzureWebsitePublishModule.psm1
		PublishScripts\Publish-WebApplicationWebsite.ps1 = PublishScripts\Publish-WebApplicationWebsite.ps1
	EndProjectSection
EndProject
Project("{2150E333-8FDC-42A3-9474-1A3956D46DE8}") = "Configurations", "Configurations", "{675B009D-29EE-4253-B2C1-70E10CA39C2C}"
	ProjectSection(SolutionItems) = preProject
		PublishScripts\Configurations\FindShortestPath-WAWS-dev.json = PublishScripts\Configurations\FindShortestPath-WAWS-dev.json
	EndProjectSection
EndProject
Project("{2150E333-8FDC-42A3-9474-1A3956D46DE8}") = ".nuget", ".nuget", "{B5AD1447-2062-4815-9E24-17960FFFC0BA}"
	ProjectSection(SolutionItems) = preProject
		.nuget\packages.config = .nuget\packages.config
	EndProjectSection
EndProject
Global
	GlobalSection(SolutionConfigurationPlatforms) = preSolution
		Debug|Any CPU = Debug|Any CPU
		Release|Any CPU = Release|Any CPU
	EndGlobalSection
	GlobalSection(ProjectConfigurationPlatforms) = postSolution
		{578D5FB1-9840-4B74-BCAE-54C91E9ABF79}.Debug|Any CPU.ActiveCfg = Debug|Any CPU
		{578D5FB1-9840-4B74-BCAE-54C91E9ABF79}.Debug|Any CPU.Build.0 = Debug|Any CPU
		{578D5FB1-9840-4B74-BCAE-54C91E9ABF79}.Release|Any CPU.ActiveCfg = Release|Any CPU
		{578D5FB1-9840-4B74-BCAE-54C91E9ABF79}.Release|Any CPU.Build.0 = Release|Any CPU
	EndGlobalSection
	GlobalSection(SolutionProperties) = preSolution
		HideSolutionNode = FALSE
	EndGlobalSection
	GlobalSection(NestedProjects) = preSolution
		{675B009D-29EE-4253-B2C1-70E10CA39C2C} = {CB8983BA-108F-47A0-9645-BF8C9C65A483}
	EndGlobalSection
EndGlobal
